
Microsoft Visual Studio Solution File, Format Version 12.00
# Visual Studio Version 17
VisualStudioVersion = 17.5.33530.505
MinimumVisualStudioVersion = 10.0.40219.1
Project("{FAE04EC0-301F-11D3-BF4B-00C04F79EFBC}") = "HrApi", "HrApi\HrApi.csproj", "{B2617FE9-C90B-45E8-999C-4F85F030E10F}"
EndProject
Global
	GlobalSection(SolutionConfigurationPlatforms) = preSolution
		Debug|Any CPU = Debug|Any CPU
		Release|Any CPU = Release|Any CPU
	EndGlobalSection
	GlobalSection(ProjectConfigurationPlatforms) = postSolution
		{B2617FE9-C90B-45E8-999C-4F85F030E10F}.Debug|Any CPU.ActiveCfg = Debug|Any CPU
		{B2617FE9-C90B-45E8-999C-4F85F030E10F}.Debug|Any CPU.Build.0 = Debug|Any CPU
		{B2617FE9-C90B-45E8-999C-4F85F030E10F}.Release|Any CPU.ActiveCfg = Release|Any CPU
		{B2617FE9-C90B-45E8-999C-4F85F030E10F}.Release|Any CPU.Build.0 = Release|Any CPU
	EndGlobalSection
	GlobalSection(SolutionProperties) = preSolution
		HideSolutionNode = FALSE
	EndGlobalSection
	GlobalSection(ExtensibilityGlobals) = postSolution
		SolutionGuid = {E9AC7DF9-EED8-40F9-AC7F-FBC240E03E9B}
	EndGlobalSection
EndGlobal
